{
  "name": "uni-app-shops",
  "version": "1.0.0",
  "lockfileVersion": 1,
  "requires": true,
  "dependencies": {
    "@better-scroll/core": {
      "version": "2.0.0-beta.10",
      "resolved": "https://registry.npm.taobao.org/@better-scroll/core/download/@better-scroll/core-2.0.0-beta.10.tgz",
      "integrity": "sha1-1260sR5Zm0xbkeZNSW9jDXTxrYQ=",
      "requires": {
        "@better-scroll/shared-utils": "^2.0.0-beta.10"
      }
    },
    "@better-scroll/mouse-wheel": {
      "version": "2.0.0-beta.10",
      "resolved": "https://registry.npm.taobao.org/@better-scroll/mouse-wheel/download/@better-scroll/mouse-wheel-2.0.0-beta.10.tgz",
      "integrity": "sha1-9pAmiye3W2/dzxUxoZiXfo/WvDE=",
      "requires": {
        "@better-scroll/core": "^2.0.0-beta.10"
      }
    },
    "@better-scroll/observe-dom": {
      "version": "2.0.0-beta.10",
      "resolved": "https://registry.npm.taobao.org/@better-scroll/observe-dom/download/@better-scroll/observe-dom-2.0.0-beta.10.tgz",
      "integrity": "sha1-IpGxJyfb1d2rwdRfolmJjkfACQQ=",
      "requires": {
        "@better-scroll/core": "^2.0.0-beta.10"
      }
    },
    "@better-scroll/pull-down": {
      "version": "2.0.0-beta.10",
      "resolved": "https://registry.npm.taobao.org/@better-scroll/pull-down/download/@better-scroll/pull-down-2.0.0-beta.10.tgz",
      "integrity": "sha1-V6Ozs3hKomWtJt/sSNzLZY2zaUE=",
      "requires": {
        "@better-scroll/core": "^2.0.0-beta.10"
      }
    },
    "@better-scroll/pull-up": {
      "version": "2.0.0-beta.10",
      "resolved": "https://registry.npm.taobao.org/@better-scroll/pull-up/download/@better-scroll/pull-up-2.0.0-beta.10.tgz",
      "integrity": "sha1-CdiGl2k/luoYtR9UUSTztJN8mnY=",
      "requires": {
        "@better-scroll/core": "^2.0.0-beta.10"
      }
    },
    "@better-scroll/scroll-bar": {
      "version": "2.0.0-beta.10",
      "resolved": "https://registry.npm.taobao.org/@better-scroll/scroll-bar/download/@better-scroll/scroll-bar-2.0.0-beta.10.tgz",
      "integrity": "sha1-F8asQcgwLKw4WW9ipnC3QkAdmpE=",
      "requires": {
        "@better-scroll/core": "^2.0.0-beta.10"
      }
    },
    "@better-scroll/shared-utils": {
      "version": "2.0.0-beta.10",
      "resolved": "https://registry.npm.taobao.org/@better-scroll/shared-utils/download/@better-scroll/shared-utils-2.0.0-beta.10.tgz",
      "integrity": "sha1-B3okWSbdzb9Uk67aZyTivzvr9C8="
    },
    "@better-scroll/slide": {
      "version": "2.0.0-beta.10",
      "resolved": "https://registry.npm.taobao.org/@better-scroll/slide/download/@better-scroll/slide-2.0.0-beta.10.tgz",
      "integrity": "sha1-Fx5xw7eEIdWAJ+HFuGfc+eJIq+Q=",
      "requires": {
        "@better-scroll/core": "^2.0.0-beta.10"
      }
    },
    "@better-scroll/wheel": {
      "version": "2.0.0-beta.10",
      "resolved": "https://registry.npm.taobao.org/@better-scroll/wheel/download/@better-scroll/wheel-2.0.0-beta.10.tgz",
      "integrity": "sha1-xnGyFYq1rxGt2orRiOXp/ScJZlk=",
      "requires": {
        "@better-scroll/core": "^2.0.0-beta.10"
      }
    },
    "@better-scroll/zoom": {
      "version": "2.0.0-beta.10",
      "resolved": "https://registry.npm.taobao.org/@better-scroll/zoom/download/@better-scroll/zoom-2.0.0-beta.10.tgz",
      "integrity": "sha1-SwWQbbEOtpTjUP1zCsJB7081cH4=",
      "requires": {
        "@better-scroll/core": "^2.0.0-beta.10"
      }
    },
    "better-scroll": {
      "version": "2.0.0-beta.10",
      "resolved": "https://registry.npm.taobao.org/better-scroll/download/better-scroll-2.0.0-beta.10.tgz",
      "integrity": "sha1-THudvD5pDZj9TYKhkMt0pl3Fxt8=",
      "requires": {
        "@better-scroll/core": "^2.0.0-beta.10",
        "@better-scroll/mouse-wheel": "^2.0.0-beta.10",
        "@better-scroll/observe-dom": "^2.0.0-beta.10",
        "@better-scroll/pull-down": "^2.0.0-beta.10",
        "@better-scroll/pull-up": "^2.0.0-beta.10",
        "@better-scroll/scroll-bar": "^2.0.0-beta.10",
        "@better-scroll/slide": "^2.0.0-beta.10",
        "@better-scroll/wheel": "^2.0.0-beta.10",
        "@better-scroll/zoom": "^2.0.0-beta.10"
      }
    },
    "vue-router": {
      "version": "3.3.4",
      "resolved": "https://registry.npm.taobao.org/vue-router/download/vue-router-3.3.4.tgz?cache=0&sync_timestamp=1594111718735&other_urls=https%3A%2F%2Fregistry.npm.taobao.org%2Fvue-router%2Fdownload%2Fvue-router-3.3.4.tgz",
      "integrity": "sha1-Tjirw0oRxBtsPYJERJouNjumJQs="
    }
  }
}
